<?xml version="1.0" encoding="utf-8"?>
<Project ToolsVersion="4.0" xmlns="http://schemas.microsoft.com/developer/msbuild/2003">
  <ItemGroup>
    <Filter Include="Source Files">
      <UniqueIdentifier>{4FC737F1-C7A5-4376-A066-2A32D752A2FF}</UniqueIdentifier>
      <Extensions>cpp;c;cc;cxx;def;odl;idl;hpj;bat;asm;asmx</Extensions>
    </Filter>
    <Filter Include="Header Files">
      <UniqueIdentifier>{93995380-89BD-4b04-88EB-625FBE52EBFB}</UniqueIdentifier>
      <Extensions>h;hh;hpp;hxx;hm;inl;inc;xsd</Extensions>
    </Filter>
    <Filter Include="Resource Files">
      <UniqueIdentifier>{67DA6AB6-F800-4c08-8B7A-83BB121AAD01}</UniqueIdentifier>
      <Extensions>rc;ico;cur;bmp;dlg;rc2;rct;bin;rgs;gif;jpg;jpeg;jpe;resx;tiff;tif;png;wav;mfcribbon-ms</Extensions>
    </Filter>
    <Filter Include="Classes">
      <UniqueIdentifier>{26573456-c00c-4e1b-b184-843b6e053a06}</UniqueIdentifier>
    </Filter>
    <Filter Include="Enemies">
      <UniqueIdentifier>{974f269e-8e1b-4ea6-be84-13ae26e64768}</UniqueIdentifier>
    </Filter>
    <Filter Include="ُEnvironmentElements">
      <UniqueIdentifier>{7c4b5556-6bb3-4b4d-b48c-3ef689dbaac8}</UniqueIdentifier>
    </Filter>
  </ItemGroup>
  <ItemGroup>
    <ClCompile Include="Source.cpp">
      <Filter>Source Files</Filter>
    </ClCompile>
    <ClCompile Include="glad.c">
      <Filter>Source Files</Filter>
    </ClCompile>
    <ClCompile Include="stb_image.cpp">
      <Filter>Source Files</Filter>
    </ClCompile>
    <ClCompile Include="GameObject.cpp">
      <Filter>Classes</Filter>
    </ClCompile>
    <ClCompile Include="GameManager.cpp">
      <Filter>Classes</Filter>
    </ClCompile>
    <ClCompile Include="Alien.cpp">
      <Filter>Enemies</Filter>
    </ClCompile>
    <ClCompile Include="Dounat.cpp">
      <Filter>Enemies</Filter>
    </ClCompile>
    <ClCompile Include="GrimReaper.cpp">
      <Filter>Enemies</Filter>
    </ClCompile>
    <ClCompile Include="Pika.cpp">
      <Filter>Enemies</Filter>
    </ClCompile>
    <ClCompile Include="Raiden.cpp">
      <Filter>Enemies</Filter>
    </ClCompile>
    <ClCompile Include="Wizard.cpp">
      <Filter>Enemies</Filter>
    </ClCompile>
    <ClCompile Include="Enemy.cpp">
      <Filter>Classes</Filter>
    </ClCompile>
    <ClCompile Include="Environment.cpp">
      <Filter>Classes</Filter>
    </ClCompile>
    <ClCompile Include="Player.cpp">
      <Filter>Classes</Filter>
    </ClCompile>
    <ClCompile Include="Sky.cpp">
      <Filter>ُEnvironmentElements</Filter>
    </ClCompile>
    <ClCompile Include="Floor.cpp">
      <Filter>ُEnvironmentElements</Filter>
    </ClCompile>
    <ClCompile Include="Rocks.cpp">
      <Filter>ُEnvironmentElements</Filter>
    </ClCompile>
    <ClCompile Include="Tree.cpp">
      <Filter>ُEnvironmentElements</Filter>
    </ClCompile>
    <ClCompile Include="Wall.cpp">
      <Filter>ُEnvironmentElements</Filter>
    </ClCompile>
    <ClCompile Include="Portal.cpp">
      <Filter>ُEnvironmentElements</Filter>
    </ClCompile>
  </ItemGroup>
  <ItemGroup>
    <ClInclude Include="Enemy.h">
      <Filter>Header Files</Filter>
    </ClInclude>
    <ClInclude Include="Wizard.h">
      <Filter>Enemies</Filter>
    </ClInclude>
    <ClInclude Include="Raiden.h">
      <Filter>Enemies</Filter>
    </ClInclude>
    <ClInclude Include="Pika.h">
      <Filter>Enemies</Filter>
    </ClInclude>
    <ClInclude Include="GrimReaper.h">
      <Filter>Enemies</Filter>
    </ClInclude>
    <ClInclude Include="Dounat.h">
      <Filter>Enemies</Filter>
    </ClInclude>
    <ClInclude Include="Alien.h">
      <Filter>Enemies</Filter>
    </ClInclude>
    <ClInclude Include="GameObject.h">
      <Filter>Header Files</Filter>
    </ClInclude>
    <ClInclude Include="GameManager.h">
      <Filter>Header Files</Filter>
    </ClInclude>
    <ClInclude Include="Allincludes.h">
      <Filter>Header Files</Filter>
    </ClInclude>
    <ClInclude Include="Environment.h">
      <Filter>Header Files</Filter>
    </ClInclude>
    <ClInclude Include="Player.h">
      <Filter>Header Files</Filter>
    </ClInclude>
    <ClInclude Include="Sky.h">
      <Filter>ُEnvironmentElements</Filter>
    </ClInclude>
    <ClInclude Include="Wall.h">
      <Filter>ُEnvironmentElements</Filter>
    </ClInclude>
    <ClInclude Include="Tree.h">
      <Filter>ُEnvironmentElements</Filter>
    </ClInclude>
    <ClInclude Include="Rocks.h">
      <Filter>ُEnvironmentElements</Filter>
    </ClInclude>
    <ClInclude Include="Floor.h">
      <Filter>ُEnvironmentElements</Filter>
    </ClInclude>
    <ClInclude Include="Portal.h">
      <Filter>ُEnvironmentElements</Filter>
    </ClInclude>
  </ItemGroup>
</Project>