<?xml version="1.0" encoding="utf-8"?>
<Project ToolsVersion="14.0" xmlns="http://schemas.microsoft.com/developer/msbuild/2003">
  <ItemGroup>
    <Filter Include="Source Files">
      <UniqueIdentifier>{D392E5A2-707F-3EAC-83D0-C2BB8D56E9A6}</UniqueIdentifier>
    </Filter>
    <Filter Include="Classes">
      <UniqueIdentifier>{497d8af9-73ac-4a82-a4ce-8b2527e0f46f}</UniqueIdentifier>
    </Filter>
  </ItemGroup>
  <ItemGroup>
    <ClCompile Include="glad.c">
      <Filter>Source Files</Filter>
    </ClCompile>
    <ClCompile Include="Source.cpp">
      <Filter>Source Files</Filter>
    </ClCompile>
    <ClCompile Include="stb_image.cpp">
      <Filter>Source Files</Filter>
    </ClCompile>
    <ClCompile Include="GameManager.cpp">
      <Filter>Classes</Filter>
    </ClCompile>
    <ClCompile Include="GameObject.cpp">
      <Filter>Classes</Filter>
    </ClCompile>
    <ClCompile Include="Enemy.cpp" />
  </ItemGroup>
  <ItemGroup>
    <ClInclude Include="GameManager.h">
      <Filter>Classes</Filter>
    </ClInclude>
    <ClInclude Include="GameObject.h">
      <Filter>Classes</Filter>
    </ClInclude>
    <ClInclude Include="Enemy.h" />
  </ItemGroup>
</Project>